// !$*UTF8*$!
{
	archiveVersion = 1;
	classes = {
	};
	objectVersion = 55;
	objects = {

/* Begin PBXBuildFile section */
		A8602AE729B7F5D100246C73 /* AppDelegate.swift in Sources */ = {isa = PBXBuildFile; fileRef = A8602AE629B7F5D100246C73 /* AppDelegate.swift */; };
		A8602AE929B7F5D100246C73 /* SceneDelegate.swift in Sources */ = {isa = PBXBuildFile; fileRef = A8602AE829B7F5D100246C73 /* SceneDelegate.swift */; };
		A8602AEB29B7F5D100246C73 /* ViewController.swift in Sources */ = {isa = PBXBuildFile; fileRef = A8602AEA29B7F5D100246C73 /* ViewController.swift */; };
		A8602AEE29B7F5D100246C73 /* Main.storyboard in Resources */ = {isa = PBXBuildFile; fileRef = A8602AEC29B7F5D100246C73 /* Main.storyboard */; };
		A8602AF029B7F5D300246C73 /* Assets.xcassets in Resources */ = {isa = PBXBuildFile; fileRef = A8602AEF29B7F5D300246C73 /* Assets.xcassets */; };
		A8602AF329B7F5D300246C73 /* LaunchScreen.storyboard in Resources */ = {isa = PBXBuildFile; fileRef = A8602AF129B7F5D300246C73 /* LaunchScreen.storyboard */; };
		A8602AFE29B7F5D300246C73 /* CalculadoraImpactanteTests.swift in Sources */ = {isa = PBXBuildFile; fileRef = A8602AFD29B7F5D300246C73 /* CalculadoraImpactanteTests.swift */; };
		A8602B0829B7F5D300246C73 /* CalculadoraImpactanteUITests.swift in Sources */ = {isa = PBXBuildFile; fileRef = A8602B0729B7F5D300246C73 /* CalculadoraImpactanteUITests.swift */; };
		A8602B0A29B7F5D300246C73 /* CalculadoraImpactanteUITestsLaunchTests.swift in Sources */ = {isa = PBXBuildFile; fileRef = A8602B0929B7F5D300246C73 /* CalculadoraImpactanteUITestsLaunchTests.swift */; };
		A878722029B7FC9200099024 /* AlejandroStoryboard.storyboard in Resources */ = {isa = PBXBuildFile; fileRef = A878721F29B7FC9200099024 /* AlejandroStoryboard.storyboard */; };
/* End PBXBuildFile section */

/* Begin PBXContainerItemProxy section */
		A8602AFA29B7F5D300246C73 /* PBXContainerItemProxy */ = {
			isa = PBXContainerItemProxy;
			containerPortal = A8602ADB29B7F5D100246C73 /* Project object */;
			proxyType = 1;
			remoteGlobalIDString = A8602AE229B7F5D100246C73;
			remoteInfo = CalculadoraImpactante;
		};
		A8602B0429B7F5D300246C73 /* PBXContainerItemProxy */ = {
			isa = PBXContainerItemProxy;
			containerPortal = A8602ADB29B7F5D100246C73 /* Project object */;
			proxyType = 1;
			remoteGlobalIDString = A8602AE229B7F5D100246C73;
			remoteInfo = CalculadoraImpactante;
		};
/* End PBXContainerItemProxy section */

/* Begin PBXFileReference section */
		A8602AE329B7F5D100246C73 /* CalculadoraImpactante.app */ = {isa = PBXFileReference; explicitFileType = wrapper.application; includeInIndex = 0; path = CalculadoraImpactante.app; sourceTree = BUILT_PRODUCTS_DIR; };
		A8602AE629B7F5D100246C73 /* AppDelegate.swift */ = {isa = PBXFileReference; lastKnownFileType = sourcecode.swift; path = AppDelegate.swift; sourceTree = "<group>"; };
		A8602AE829B7F5D100246C73 /* SceneDelegate.swift */ = {isa = PBXFileReference; lastKnownFileType = sourcecode.swift; path = SceneDelegate.swift; sourceTree = "<group>"; };
		A8602AEA29B7F5D100246C73 /* ViewController.swift */ = {isa = PBXFileReference; lastKnownFileType = sourcecode.swift; path = ViewController.swift; sourceTree = "<group>"; };
		A8602AED29B7F5D100246C73 /* Base */ = {isa = PBXFileReference; lastKnownFileType = file.storyboard; name = Base; path = Base.lproj/Main.storyboard; sourceTree = "<group>"; };
		A8602AEF29B7F5D300246C73 /* Assets.xcassets */ = {isa = PBXFileReference; lastKnownFileType = folder.assetcatalog; path = Assets.xcassets; sourceTree = "<group>"; };
		A8602AF229B7F5D300246C73 /* Base */ = {isa = PBXFileReference; lastKnownFileType = file.storyboard; name = Base; path = Base.lproj/LaunchScreen.storyboard; sourceTree = "<group>"; };
		A8602AF429B7F5D300246C73 /* Info.plist */ = {isa = PBXFileReference; lastKnownFileType = text.plist.xml; path = Info.plist; sourceTree = "<group>"; };
		A8602AF929B7F5D300246C73 /* CalculadoraImpactanteTests.xctest */ = {isa = PBXFileReference; explicitFileType = wrapper.cfbundle; includeInIndex = 0; path = CalculadoraImpactanteTests.xctest; sourceTree = BUILT_PRODUCTS_DIR; };
		A8602AFD29B7F5D300246C73 /* CalculadoraImpactanteTests.swift */ = {isa = PBXFileReference; lastKnownFileType = sourcecode.swift; path = CalculadoraImpactanteTests.swift; sourceTree = "<group>"; };
		A8602B0329B7F5D300246C73 /* CalculadoraImpactanteUITests.xctest */ = {isa = PBXFileReference; explicitFileType = wrapper.cfbundle; includeInIndex = 0; path = CalculadoraImpactanteUITests.xctest; sourceTree = BUILT_PRODUCTS_DIR; };
		A8602B0729B7F5D300246C73 /* CalculadoraImpactanteUITests.swift */ = {isa = PBXFileReference; lastKnownFileType = sourcecode.swift; path = CalculadoraImpactanteUITests.swift; sourceTree = "<group>"; };
		A8602B0929B7F5D300246C73 /* CalculadoraImpactanteUITestsLaunchTests.swift */ = {isa = PBXFileReference; lastKnownFileType = sourcecode.swift; path = CalculadoraImpactanteUITestsLaunchTests.swift; sourceTree = "<group>"; };
		A878721F29B7FC9200099024 /* AlejandroStoryboard.storyboard */ = {isa = PBXFileReference; lastKnownFileType = file.storyboard; path = AlejandroStoryboard.storyboard; sourceTree = "<group>"; };
/* End PBXFileReference section */

/* Begin PBXFrameworksBuildPhase section */
		A8602AE029B7F5D100246C73 /* Frameworks */ = {
			isa = PBXFrameworksBuildPhase;
			buildActionMask = 2147483647;
			files = (
			);
			runOnlyForDeploymentPostprocessing = 0;
		};
		A8602AF629B7F5D300246C73 /* Frameworks */ = {
			isa = PBXFrameworksBuildPhase;
			buildActionMask = 2147483647;
			files = (
			);
			runOnlyForDeploymentPostprocessing = 0;
		};
		A8602B0029B7F5D300246C73 /* Frameworks */ = {
			isa = PBXFrameworksBuildPhase;
			buildActionMask = 2147483647;
			files = (
			);
			runOnlyForDeploymentPostprocessing = 0;
		};
/* End PBXFrameworksBuildPhase section */

/* Begin PBXGroup section */
		A8602ADA29B7F5D100246C73 = {
			isa = PBXGroup;
			children = (
				A8602AE529B7F5D100246C73 /* CalculadoraImpactante */,
				A8602AFC29B7F5D300246C73 /* CalculadoraImpactanteTests */,
				A8602B0629B7F5D300246C73 /* CalculadoraImpactanteUITests */,
				A8602AE429B7F5D100246C73 /* Products */,
			);
			sourceTree = "<group>";
		};
		A8602AE429B7F5D100246C73 /* Products */ = {
			isa = PBXGroup;
			children = (
				A8602AE329B7F5D100246C73 /* CalculadoraImpactante.app */,
				A8602AF929B7F5D300246C73 /* CalculadoraImpactanteTests.xctest */,
				A8602B0329B7F5D300246C73 /* CalculadoraImpactanteUITests.xctest */,
			);
			name = Products;
			sourceTree = "<group>";
		};
		A8602AE529B7F5D100246C73 /* CalculadoraImpactante */ = {
			isa = PBXGroup;
			children = (
				A8602AE629B7F5D100246C73 /* AppDelegate.swift */,
				A8602AE829B7F5D100246C73 /* SceneDelegate.swift */,
				A8602AEA29B7F5D100246C73 /* ViewController.swift */,
				A8602AEC29B7F5D100246C73 /* Main.storyboard */,
				A8602AEF29B7F5D300246C73 /* Assets.xcassets */,
				A8602AF129B7F5D300246C73 /* LaunchScreen.storyboard */,
				A8602AF429B7F5D300246C73 /* Info.plist */,
				A878721F29B7FC9200099024 /* AlejandroStoryboard.storyboard */,
			);
			path = CalculadoraImpactante;
			sourceTree = "<group>";
		};
		A8602AFC29B7F5D300246C73 /* CalculadoraImpactanteTests */ = {
			isa = PBXGroup;
			children = (
				A8602AFD29B7F5D300246C73 /* CalculadoraImpactanteTests.swift */,
			);
			path = CalculadoraImpactanteTests;
			sourceTree = "<group>";
		};
		A8602B0629B7F5D300246C73 /* CalculadoraImpactanteUITests */ = {
			isa = PBXGroup;
			children = (
				A8602B0729B7F5D300246C73 /* CalculadoraImpactanteUITests.swift */,
				A8602B0929B7F5D300246C73 /* CalculadoraImpactanteUITestsLaunchTests.swift */,
			);
			path = CalculadoraImpactanteUITests;
			sourceTree = "<group>";
		};
/* End PBXGroup section */

/* Begin PBXNativeTarget section */
		A8602AE229B7F5D100246C73 /* CalculadoraImpactante */ = {
			isa = PBXNativeTarget;
			buildConfigurationList = A8602B0D29B7F5D300246C73 /* Build configuration list for PBXNativeTarget "CalculadoraImpactante" */;
			buildPhases = (
				A8602ADF29B7F5D100246C73 /* Sources */,
				A8602AE029B7F5D100246C73 /* Frameworks */,
				A8602AE129B7F5D100246C73 /* Resources */,
			);
			buildRules = (
			);
			dependencies = (
			);
			name = CalculadoraImpactante;
			productName = CalculadoraImpactante;
			productReference = A8602AE329B7F5D100246C73 /* CalculadoraImpactante.app */;
			productType = "com.apple.product-type.application";
		};
		A8602AF829B7F5D300246C73 /* CalculadoraImpactanteTests */ = {
			isa = PBXNativeTarget;
			buildConfigurationList = A8602B1029B7F5D300246C73 /* Build configuration list for PBXNativeTarget "CalculadoraImpactanteTests" */;
			buildPhases = (
				A8602AF529B7F5D300246C73 /* Sources */,
				A8602AF629B7F5D300246C73 /* Frameworks */,
				A8602AF729B7F5D300246C73 /* Resources */,
			);
			buildRules = (
			);
			dependencies = (
				A8602AFB29B7F5D300246C73 /* PBXTargetDependency */,
			);
			name = CalculadoraImpactanteTests;
			productName = CalculadoraImpactanteTests;
			productReference = A8602AF929B7F5D300246C73 /* CalculadoraImpactanteTests.xctest */;
			productType = "com.apple.product-type.bundle.unit-test";
		};
		A8602B0229B7F5D300246C73 /* CalculadoraImpactanteUITests */ = {
			isa = PBXNativeTarget;
			buildConfigurationList = A8602B1329B7F5D300246C73 /* Build configuration list for PBXNativeTarget "CalculadoraImpactanteUITests" */;
			buildPhases = (
				A8602AFF29B7F5D300246C73 /* Sources */,
				A8602B0029B7F5D300246C73 /* Frameworks */,
				A8602B0129B7F5D300246C73 /* Resources */,
			);
			buildRules = (
			);
			dependencies = (
				A8602B0529B7F5D300246C73 /* PBXTargetDependency */,
			);
			name = CalculadoraImpactanteUITests;
			productName = CalculadoraImpactanteUITests;
			productReference = A8602B0329B7F5D300246C73 /* CalculadoraImpactanteUITests.xctest */;
			productType = "com.apple.product-type.bundle.ui-testing";
		};
/* End PBXNativeTarget section */

/* Begin PBXProject section */
		A8602ADB29B7F5D100246C73 /* Project object */ = {
			isa = PBXProject;
			attributes = {
				BuildIndependentTargetsInParallel = 1;
				LastSwiftUpdateCheck = 1330;
				LastUpgradeCheck = 1330;
				TargetAttributes = {
					A8602AE229B7F5D100246C73 = {
						CreatedOnToolsVersion = 13.3;
					};
					A8602AF829B7F5D300246C73 = {
						CreatedOnToolsVersion = 13.3;
						TestTargetID = A8602AE229B7F5D100246C73;
					};
					A8602B0229B7F5D300246C73 = {
						CreatedOnToolsVersion = 13.3;
						TestTargetID = A8602AE229B7F5D100246C73;
					};
				};
			};
			buildConfigurationList = A8602ADE29B7F5D100246C73 /* Build configuration list for PBXProject "CalculadoraImpactante" */;
			compatibilityVersion = "Xcode 13.0";
			developmentRegion = en;
			hasScannedForEncodings = 0;
			knownRegions = (
				en,
				Base,
			);
			mainGroup = A8602ADA29B7F5D100246C73;
			productRefGroup = A8602AE429B7F5D100246C73 /* Products */;
			projectDirPath = "";
			projectRoot = "";
			targets = (
				A8602AE229B7F5D100246C73 /* CalculadoraImpactante */,
				A8602AF829B7F5D300246C73 /* CalculadoraImpactanteTests */,
				A8602B0229B7F5D300246C73 /* CalculadoraImpactanteUITests */,
			);
		};
/* End PBXProject section */

/* Begin PBXResourcesBuildPhase section */
		A8602AE129B7F5D100246C73 /* Resources */ = {
			isa = PBXResourcesBuildPhase;
			buildActionMask = 2147483647;
			files = (
				A8602AF329B7F5D300246C73 /* LaunchScreen.storyboard in Resources */,
				A8602AF029B7F5D300246C73 /* Assets.xcassets in Resources */,
				A878722029B7FC9200099024 /* AlejandroStoryboard.storyboard in Resources */,
				A8602AEE29B7F5D100246C73 /* Main.storyboard in Resources */,
			);
			runOnlyForDeploymentPostprocessing = 0;
		};
		A8602AF729B7F5D300246C73 /* Resources */ = {
			isa = PBXResourcesBuildPhase;
			buildActionMask = 2147483647;
			files = (
			);
			runOnlyForDeploymentPostprocessing = 0;
		};
		A8602B0129B7F5D300246C73 /* Resources */ = {
			isa = PBXResourcesBuildPhase;
			buildActionMask = 2147483647;
			files = (
			);
			runOnlyForDeploymentPostprocessing = 0;
		};
/* End PBXResourcesBuildPhase section */

/* Begin PBXSourcesBuildPhase section */
		A8602ADF29B7F5D100246C73 /* Sources */ = {
			isa = PBXSourcesBuildPhase;
			buildActionMask = 2147483647;
			files = (
				A8602AEB29B7F5D100246C73 /* ViewController.swift in Sources */,
				A8602AE729B7F5D100246C73 /* AppDelegate.swift in Sources */,
				A8602AE929B7F5D100246C73 /* SceneDelegate.swift in Sources */,
			);
			runOnlyForDeploymentPostprocessing = 0;
		};
		A8602AF529B7F5D300246C73 /* Sources */ = {
			isa = PBXSourcesBuildPhase;
			buildActionMask = 2147483647;
			files = (
				A8602AFE29B7F5D300246C73 /* CalculadoraImpactanteTests.swift in Sources */,
			);
			runOnlyForDeploymentPostprocessing = 0;
		};
		A8602AFF29B7F5D300246C73 /* Sources */ = {
			isa = PBXSourcesBuildPhase;
			buildActionMask = 2147483647;
			files = (
				A8602B0A29B7F5D300246C73 /* CalculadoraImpactanteUITestsLaunchTests.swift in Sources */,
				A8602B0829B7F5D300246C73 /* CalculadoraImpactanteUITests.swift in Sources */,
			);
			runOnlyForDeploymentPostprocessing = 0;
		};
/* End PBXSourcesBuildPhase section */

/* Begin PBXTargetDependency section */
		A8602AFB29B7F5D300246C73 /* PBXTargetDependency */ = {
			isa = PBXTargetDependency;
			target = A8602AE229B7F5D100246C73 /* CalculadoraImpactante */;
			targetProxy = A8602AFA29B7F5D300246C73 /* PBXContainerItemProxy */;
		};
		A8602B0529B7F5D300246C73 /* PBXTargetDependency */ = {
			isa = PBXTargetDependency;
			target = A8602AE229B7F5D100246C73 /* CalculadoraImpactante */;
			targetProxy = A8602B0429B7F5D300246C73 /* PBXContainerItemProxy */;
		};
/* End PBXTargetDependency section */

/* Begin PBXVariantGroup section */
		A8602AEC29B7F5D100246C73 /* Main.storyboard */ = {
			isa = PBXVariantGroup;
			children = (
				A8602AED29B7F5D100246C73 /* Base */,
			);
			name = Main.storyboard;
			sourceTree = "<group>";
		};
		A8602AF129B7F5D300246C73 /* LaunchScreen.storyboard */ = {
			isa = PBXVariantGroup;
			children = (
				A8602AF229B7F5D300246C73 /* Base */,
			);
			name = LaunchScreen.storyboard;
			sourceTree = "<group>";
		};
/* End PBXVariantGroup section */

/* Begin XCBuildConfiguration section */
		A8602B0B29B7F5D300246C73 /* Debug */ = {
			isa = XCBuildConfiguration;
			buildSettings = {
				ALWAYS_SEARCH_USER_PATHS = NO;
				CLANG_ANALYZER_NONNULL = YES;
				CLANG_ANALYZER_NUMBER_OBJECT_CONVERSION = YES_AGGRESSIVE;
				CLANG_CXX_LANGUAGE_STANDARD = "gnu++17";
				CLANG_ENABLE_MODULES = YES;
				CLANG_ENABLE_OBJC_ARC = YES;
				CLANG_ENABLE_OBJC_WEAK = YES;
				CLANG_WARN_BLOCK_CAPTURE_AUTORELEASING = YES;
				CLANG_WARN_BOOL_CONVERSION = YES;
				CLANG_WARN_COMMA = YES;
				CLANG_WARN_CONSTANT_CONVERSION = YES;
				CLANG_WARN_DEPRECATED_OBJC_IMPLEMENTATIONS = YES;
				CLANG_WARN_DIRECT_OBJC_ISA_USAGE = YES_ERROR;
				CLANG_WARN_DOCUMENTATION_COMMENTS = YES;
				CLANG_WARN_EMPTY_BODY = YES;
				CLANG_WARN_ENUM_CONVERSION = YES;
				CLANG_WARN_INFINITE_RECURSION = YES;
				CLANG_WARN_INT_CONVERSION = YES;
				CLANG_WARN_NON_LITERAL_NULL_CONVERSION = YES;
				CLANG_WARN_OBJC_IMPLICIT_RETAIN_SELF = YES;
				CLANG_WARN_OBJC_LITERAL_CONVERSION = YES;
				CLANG_WARN_OBJC_ROOT_CLASS = YES_ERROR;
				CLANG_WARN_QUOTED_INCLUDE_IN_FRAMEWORK_HEADER = YES;
				CLANG_WARN_RANGE_LOOP_ANALYSIS = YES;
				CLANG_WARN_STRICT_PROTOTYPES = YES;
				CLANG_WARN_SUSPICIOUS_MOVE = YES;
				CLANG_WARN_UNGUARDED_AVAILABILITY = YES_AGGRESSIVE;
				CLANG_WARN_UNREACHABLE_CODE = YES;
				CLANG_WARN__DUPLICATE_METHOD_MATCH = YES;
				COPY_PHASE_STRIP = NO;
				DEBUG_INFORMATION_FORMAT = dwarf;
				ENABLE_STRICT_OBJC_MSGSEND = YES;
				ENABLE_TESTABILITY = YES;
				GCC_C_LANGUAGE_STANDARD = gnu11;
				GCC_DYNAMIC_NO_PIC = NO;
				GCC_NO_COMMON_BLOCKS = YES;
				GCC_OPTIMIZATION_LEVEL = 0;
				GCC_PREPROCESSOR_DEFINITIONS = (
					"DEBUG=1",
					"$(inherited)",
				);
				GCC_WARN_64_TO_32_BIT_CONVERSION = YES;
				GCC_WARN_ABOUT_RETURN_TYPE = YES_ERROR;
				GCC_WARN_UNDECLARED_SELECTOR = YES;
				GCC_WARN_UNINITIALIZED_AUTOS = YES_AGGRESSIVE;
				GCC_WARN_UNUSED_FUNCTION = YES;
				GCC_WARN_UNUSED_VARIABLE = YES;
				IPHONEOS_DEPLOYMENT_TARGET = 15.4;
				MTL_ENABLE_DEBUG_INFO = INCLUDE_SOURCE;
				MTL_FAST_MATH = YES;
				ONLY_ACTIVE_ARCH = YES;
				SDKROOT = iphoneos;
				SWIFT_ACTIVE_COMPILATION_CONDITIONS = DEBUG;
				SWIFT_OPTIMIZATION_LEVEL = "-Onone";
			};
			name = Debug;
		};
		A8602B0C29B7F5D300246C73 /* Release */ = {
			isa = XCBuildConfiguration;
			buildSettings = {
				ALWAYS_SEARCH_USER_PATHS = NO;
				CLANG_ANALYZER_NONNULL = YES;
				CLANG_ANALYZER_NUMBER_OBJECT_CONVERSION = YES_AGGRESSIVE;
				CLANG_CXX_LANGUAGE_STANDARD = "gnu++17";
				CLANG_ENABLE_MODULES = YES;
				CLANG_ENABLE_OBJC_ARC = YES;
				CLANG_ENABLE_OBJC_WEAK = YES;
				CLANG_WARN_BLOCK_CAPTURE_AUTORELEASING = YES;
				CLANG_WARN_BOOL_CONVERSION = YES;
				CLANG_WARN_COMMA = YES;
				CLANG_WARN_CONSTANT_CONVERSION = YES;
				CLANG_WARN_DEPRECATED_OBJC_IMPLEMENTATIONS = YES;
				CLANG_WARN_DIRECT_OBJC_ISA_USAGE = YES_ERROR;
				CLANG_WARN_DOCUMENTATION_COMMENTS = YES;
				CLANG_WARN_EMPTY_BODY = YES;
				CLANG_WARN_ENUM_CONVERSION = YES;
				CLANG_WARN_INFINITE_RECURSION = YES;
				CLANG_WARN_INT_CONVERSION = YES;
				CLANG_WARN_NON_LITERAL_NULL_CONVERSION = YES;
				CLANG_WARN_OBJC_IMPLICIT_RETAIN_SELF = YES;
				CLANG_WARN_OBJC_LITERAL_CONVERSION = YES;
				CLANG_WARN_OBJC_ROOT_CLASS = YES_ERROR;
				CLANG_WARN_QUOTED_INCLUDE_IN_FRAMEWORK_HEADER = YES;
				CLANG_WARN_RANGE_LOOP_ANALYSIS = YES;
				CLANG_WARN_STRICT_PROTOTYPES = YES;
				CLANG_WARN_SUSPICIOUS_MOVE = YES;
				CLANG_WARN_UNGUARDED_AVAILABILITY = YES_AGGRESSIVE;
				CLANG_WARN_UNREACHABLE_CODE = YES;
				CLANG_WARN__DUPLICATE_METHOD_MATCH = YES;
				COPY_PHASE_STRIP = NO;
				DEBUG_INFORMATION_FORMAT = "dwarf-with-dsym";
				ENABLE_NS_ASSERTIONS = NO;
				ENABLE_STRICT_OBJC_MSGSEND = YES;
				GCC_C_LANGUAGE_STANDARD = gnu11;
				GCC_NO_COMMON_BLOCKS = YES;
				GCC_WARN_64_TO_32_BIT_CONVERSION = YES;
				GCC_WARN_ABOUT_RETURN_TYPE = YES_ERROR;
				GCC_WARN_UNDECLARED_SELECTOR = YES;
				GCC_WARN_UNINITIALIZED_AUTOS = YES_AGGRESSIVE;
				GCC_WARN_UNUSED_FUNCTION = YES;
				GCC_WARN_UNUSED_VARIABLE = YES;
				IPHONEOS_DEPLOYMENT_TARGET = 15.4;
				MTL_ENABLE_DEBUG_INFO = NO;
				MTL_FAST_MATH = YES;
				SDKROOT = iphoneos;
				SWIFT_COMPILATION_MODE = wholemodule;
				SWIFT_OPTIMIZATION_LEVEL = "-O";
				VALIDATE_PRODUCT = YES;
			};
			name = Release;
		};
		A8602B0E29B7F5D300246C73 /* Debug */ = {
			isa = XCBuildConfiguration;
			buildSettings = {
				ASSETCATALOG_COMPILER_APPICON_NAME = AppIcon;
				ASSETCATALOG_COMPILER_GLOBAL_ACCENT_COLOR_NAME = AccentColor;
				CODE_SIGN_STYLE = Automatic;
				CURRENT_PROJECT_VERSION = 1;
				GENERATE_INFOPLIST_FILE = YES;
				INFOPLIST_FILE = CalculadoraImpactante/Info.plist;
				INFOPLIST_KEY_UIApplicationSupportsIndirectInputEvents = YES;
				INFOPLIST_KEY_UILaunchStoryboardName = LaunchScreen;
				INFOPLIST_KEY_UIMainStoryboardFile = Main;
				INFOPLIST_KEY_UISupportedInterfaceOrientations_iPad = "UIInterfaceOrientationPortrait UIInterfaceOrientationPortraitUpsideDown UIInterfaceOrientationLandscapeLeft UIInterfaceOrientationLandscapeRight";
				INFOPLIST_KEY_UISupportedInterfaceOrientations_iPhone = "UIInterfaceOrientationPortrait UIInterfaceOrientationLandscapeLeft UIInterfaceOrientationLandscapeRight";
				LD_RUNPATH_SEARCH_PATHS = (
					"$(inherited)",
					"@executable_path/Frameworks",
				);
				MARKETING_VERSION = 1.0;
				PRODUCT_BUNDLE_IDENTIFIER = bas.CalculadoraImpactante;
				PRODUCT_NAME = "$(TARGET_NAME)";
				SWIFT_EMIT_LOC_STRINGS = YES;
				SWIFT_VERSION = 5.0;
				TARGETED_DEVICE_FAMILY = "1,2";
			};
			name = Debug;
		};
		A8602B0F29B7F5D300246C73 /* Release */ = {
			isa = XCBuildConfiguration;
			buildSettings = {
				ASSETCATALOG_COMPILER_APPICON_NAME = AppIcon;
				ASSETCATALOG_COMPILER_GLOBAL_ACCENT_COLOR_NAME = AccentColor;
				CODE_SIGN_STYLE = Automatic;
				CURRENT_PROJECT_VERSION = 1;
				GENERATE_INFOPLIST_FILE = YES;
				INFOPLIST_FILE = CalculadoraImpactante/Info.plist;
				INFOPLIST_KEY_UIApplicationSupportsIndirectInputEvents = YES;
				INFOPLIST_KEY_UILaunchStoryboardName = LaunchScreen;
				INFOPLIST_KEY_UIMainStoryboardFile = Main;
				INFOPLIST_KEY_UISupportedInterfaceOrientations_iPad = "UIInterfaceOrientationPortrait UIInterfaceOrientationPortraitUpsideDown UIInterfaceOrientationLandscapeLeft UIInterfaceOrientationLandscapeRight";
				INFOPLIST_KEY_UISupportedInterfaceOrientations_iPhone = "UIInterfaceOrientationPortrait UIInterfaceOrientationLandscapeLeft UIInterfaceOrientationLandscapeRight";
				LD_RUNPATH_SEARCH_PATHS = (
					"$(inherited)",
					"@executable_path/Frameworks",
				);
				MARKETING_VERSION = 1.0;
				PRODUCT_BUNDLE_IDENTIFIER = bas.CalculadoraImpactante;
				PRODUCT_NAME = "$(TARGET_NAME)";
				SWIFT_EMIT_LOC_STRINGS = YES;
				SWIFT_VERSION = 5.0;
				TARGETED_DEVICE_FAMILY = "1,2";
			};
			name = Release;
		};
		A8602B1129B7F5D300246C73 /* Debug */ = {
			isa = XCBuildConfiguration;
			buildSettings = {
				ALWAYS_EMBED_SWIFT_STANDARD_LIBRARIES = YES;
				BUNDLE_LOADER = "$(TEST_HOST)";
				CODE_SIGN_STYLE = Automatic;
				CURRENT_PROJECT_VERSION = 1;
				GENERATE_INFOPLIST_FILE = YES;
				IPHONEOS_DEPLOYMENT_TARGET = 15.4;
				MARKETING_VERSION = 1.0;
				PRODUCT_BUNDLE_IDENTIFIER = bas.CalculadoraImpactanteTests;
				PRODUCT_NAME = "$(TARGET_NAME)";
				SWIFT_EMIT_LOC_STRINGS = NO;
				SWIFT_VERSION = 5.0;
				TARGETED_DEVICE_FAMILY = "1,2";
				TEST_HOST = "$(BUILT_PRODUCTS_DIR)/CalculadoraImpactante.app/CalculadoraImpactante";
			};
			name = Debug;
		};
		A8602B1229B7F5D300246C73 /* Release */ = {
			isa = XCBuildConfiguration;
			buildSettings = {
				ALWAYS_EMBED_SWIFT_STANDARD_LIBRARIES = YES;
				BUNDLE_LOADER = "$(TEST_HOST)";
				CODE_SIGN_STYLE = Automatic;
				CURRENT_PROJECT_VERSION = 1;
				GENERATE_INFOPLIST_FILE = YES;
				IPHONEOS_DEPLOYMENT_TARGET = 15.4;
				MARKETING_VERSION = 1.0;
				PRODUCT_BUNDLE_IDENTIFIER = bas.CalculadoraImpactanteTests;
				PRODUCT_NAME = "$(TARGET_NAME)";
				SWIFT_EMIT_LOC_STRINGS = NO;
				SWIFT_VERSION = 5.0;
				TARGETED_DEVICE_FAMILY = "1,2";
				TEST_HOST = "$(BUILT_PRODUCTS_DIR)/CalculadoraImpactante.app/CalculadoraImpactante";
			};
			name = Release;
		};
		A8602B1429B7F5D300246C73 /* Debug */ = {
			isa = XCBuildConfiguration;
			buildSettings = {
				ALWAYS_EMBED_SWIFT_STANDARD_LIBRARIES = YES;
				CODE_SIGN_STYLE = Automatic;
				CURRENT_PROJECT_VERSION = 1;
				GENERATE_INFOPLIST_FILE = YES;
				MARKETING_VERSION = 1.0;
				PRODUCT_BUNDLE_IDENTIFIER = bas.CalculadoraImpactanteUITests;
				PRODUCT_NAME = "$(TARGET_NAME)";
				SWIFT_EMIT_LOC_STRINGS = NO;
				SWIFT_VERSION = 5.0;
				TARGETED_DEVICE_FAMILY = "1,2";
				TEST_TARGET_NAME = CalculadoraImpactante;
			};
			name = Debug;
		};
		A8602B1529B7F5D300246C73 /* Release */ = {
			isa = XCBuildConfiguration;
			buildSettings = {
				ALWAYS_EMBED_SWIFT_STANDARD_LIBRARIES = YES;
				CODE_SIGN_STYLE = Automatic;
				CURRENT_PROJECT_VERSION = 1;
				GENERATE_INFOPLIST_FILE = YES;
				MARKETING_VERSION = 1.0;
				PRODUCT_BUNDLE_IDENTIFIER = bas.CalculadoraImpactanteUITests;
				PRODUCT_NAME = "$(TARGET_NAME)";
				SWIFT_EMIT_LOC_STRINGS = NO;
				SWIFT_VERSION = 5.0;
				TARGETED_DEVICE_FAMILY = "1,2";
				TEST_TARGET_NAME = CalculadoraImpactante;
			};
			name = Release;
		};
/* End XCBuildConfiguration section */

/* Begin XCConfigurationList section */
		A8602ADE29B7F5D100246C73 /* Build configuration list for PBXProject "CalculadoraImpactante" */ = {
			isa = XCConfigurationList;
			buildConfigurations = (
				A8602B0B29B7F5D300246C73 /* Debug */,
				A8602B0C29B7F5D300246C73 /* Release */,
			);
			defaultConfigurationIsVisible = 0;
			defaultConfigurationName = Release;
		};
		A8602B0D29B7F5D300246C73 /* Build configuration list for PBXNativeTarget "CalculadoraImpactante" */ = {
			isa = XCConfigurationList;
			buildConfigurations = (
				A8602B0E29B7F5D300246C73 /* Debug */,
				A8602B0F29B7F5D300246C73 /* Release */,
			);
			defaultConfigurationIsVisible = 0;
			defaultConfigurationName = Release;
		};
		A8602B1029B7F5D300246C73 /* Build configuration list for PBXNativeTarget "CalculadoraImpactanteTests" */ = {
			isa = XCConfigurationList;
			buildConfigurations = (
				A8602B1129B7F5D300246C73 /* Debug */,
				A8602B1229B7F5D300246C73 /* Release */,
			);
			defaultConfigurationIsVisible = 0;
			defaultConfigurationName = Release;
		};
		A8602B1329B7F5D300246C73 /* Build configuration list for PBXNativeTarget "CalculadoraImpactanteUITests" */ = {
			isa = XCConfigurationList;
			buildConfigurations = (
				A8602B1429B7F5D300246C73 /* Debug */,
				A8602B1529B7F5D300246C73 /* Release */,
			);
			defaultConfigurationIsVisible = 0;
			defaultConfigurationName = Release;
		};
/* End XCConfigurationList section */
	};
	rootObject = A8602ADB29B7F5D100246C73 /* Project object */;
}
