// !$*UTF8*$!
{
	archiveVersion = 1;
	classes = {
	};
	objectVersion = 55;
	objects = {

/* Begin PBXBuildFile section */
		3BB0906229F894C200D25902 /* SwiftUIView.swift in Sources */ = {isa = PBXBuildFile; fileRef = 3BB0906129F894C200D25902 /* SwiftUIView.swift */; };
		3BB0906429F894CF00D25902 /* File.swift in Sources */ = {isa = PBXBuildFile; fileRef = 3BB0906329F894CF00D25902 /* File.swift */; };
		A85294BE29F72FCB00172B71 /* QuestionTypeSelection.swift in Sources */ = {isa = PBXBuildFile; fileRef = A85294BD29F72FCB00172B71 /* QuestionTypeSelection.swift */; };
		A85294C029F88B6600172B71 /* QuestionTextSpace.swift in Sources */ = {isa = PBXBuildFile; fileRef = A85294BF29F88B6600172B71 /* QuestionTextSpace.swift */; };
		A85294C429FC2F8C00172B71 /* Interview1.swift in Sources */ = {isa = PBXBuildFile; fileRef = A85294C329FC2F8C00172B71 /* Interview1.swift */; };
		A86D117B29EF4FC200AF6A7B /* SwiftInterviewsApp.swift in Sources */ = {isa = PBXBuildFile; fileRef = A86D117A29EF4FC200AF6A7B /* SwiftInterviewsApp.swift */; };
		A86D117D29EF4FC200AF6A7B /* ContentView.swift in Sources */ = {isa = PBXBuildFile; fileRef = A86D117C29EF4FC200AF6A7B /* ContentView.swift */; };
		A86D117F29EF4FC700AF6A7B /* Assets.xcassets in Resources */ = {isa = PBXBuildFile; fileRef = A86D117E29EF4FC700AF6A7B /* Assets.xcassets */; };
		A86D118229EF4FC700AF6A7B /* Preview Assets.xcassets in Resources */ = {isa = PBXBuildFile; fileRef = A86D118129EF4FC700AF6A7B /* Preview Assets.xcassets */; };
		A86D118929EF514600AF6A7B /* QuestionTypeSlider.swift in Sources */ = {isa = PBXBuildFile; fileRef = A86D118829EF514500AF6A7B /* QuestionTypeSlider.swift */; };
		A876441F29FB3A3700E55DB7 /* HomeView.swift in Sources */ = {isa = PBXBuildFile; fileRef = A876441E29FB3A3600E55DB7 /* HomeView.swift */; };
		A891D21F29FC2FAC00EC7BBC /* BlogSelectorView.swift in Sources */ = {isa = PBXBuildFile; fileRef = A891D21E29FC2FAB00EC7BBC /* BlogSelectorView.swift */; };
		A891D22129FC37F700EC7BBC /* Blog1View.swift in Sources */ = {isa = PBXBuildFile; fileRef = A891D22029FC37F700EC7BBC /* Blog1View.swift */; };
		A891D22329FC39F700EC7BBC /* Blog2View.swift in Sources */ = {isa = PBXBuildFile; fileRef = A891D22229FC39F700EC7BBC /* Blog2View.swift */; };
		A891D22529FC3A0A00EC7BBC /* Blog3View.swift in Sources */ = {isa = PBXBuildFile; fileRef = A891D22429FC3A0A00EC7BBC /* Blog3View.swift */; };
		A891D22729FC3A1B00EC7BBC /* Blog4View.swift in Sources */ = {isa = PBXBuildFile; fileRef = A891D22629FC3A1B00EC7BBC /* Blog4View.swift */; };
		A8D46F8E29FB357B000F9E64 /* InfoView6.swift in Sources */ = {isa = PBXBuildFile; fileRef = A8D46F8729FB357B000F9E64 /* InfoView6.swift */; };
		A8D46F8F29FB357B000F9E64 /* InfoView2.swift in Sources */ = {isa = PBXBuildFile; fileRef = A8D46F8829FB357B000F9E64 /* InfoView2.swift */; };
		A8D46F9029FB357B000F9E64 /* InfoView5.swift in Sources */ = {isa = PBXBuildFile; fileRef = A8D46F8929FB357B000F9E64 /* InfoView5.swift */; };
		A8D46F9129FB357B000F9E64 /* ActionsItem.swift in Sources */ = {isa = PBXBuildFile; fileRef = A8D46F8A29FB357B000F9E64 /* ActionsItem.swift */; };
		A8D46F9229FB357B000F9E64 /* InfoView7.swift in Sources */ = {isa = PBXBuildFile; fileRef = A8D46F8B29FB357B000F9E64 /* InfoView7.swift */; };
		A8D46F9329FB357B000F9E64 /* InfoView9.swift in Sources */ = {isa = PBXBuildFile; fileRef = A8D46F8C29FB357B000F9E64 /* InfoView9.swift */; };
		A8D46F9429FB357B000F9E64 /* InfoView8.swift in Sources */ = {isa = PBXBuildFile; fileRef = A8D46F8D29FB357B000F9E64 /* InfoView8.swift */; };
		A8D46F9829FB3589000F9E64 /* InfoView10.swift in Sources */ = {isa = PBXBuildFile; fileRef = A8D46F9529FB3588000F9E64 /* InfoView10.swift */; };
		A8D46F9929FB3589000F9E64 /* InfoView3.swift in Sources */ = {isa = PBXBuildFile; fileRef = A8D46F9629FB3589000F9E64 /* InfoView3.swift */; };
		A8D46F9A29FB3589000F9E64 /* InfoView4.swift in Sources */ = {isa = PBXBuildFile; fileRef = A8D46F9729FB3589000F9E64 /* InfoView4.swift */; };
		A8D46F9C29FB374F000F9E64 /* InfoView.swift in Sources */ = {isa = PBXBuildFile; fileRef = A8D46F9B29FB374F000F9E64 /* InfoView.swift */; };
/* End PBXBuildFile section */

/* Begin PBXBuildRule section */
		A825435429FB33DB0033B233 /* PBXBuildRule */ = {
			isa = PBXBuildRule;
			compilerSpec = com.apple.compilers.proxy.script;
			fileType = text.plist;
			inputFiles = (
			);
			isEditable = 1;
			outputFiles = (
			);
			script = "# builtin-copyPlist\n";
		};
/* End PBXBuildRule section */

/* Begin PBXFileReference section */
		3BB0906129F894C200D25902 /* SwiftUIView.swift */ = {isa = PBXFileReference; lastKnownFileType = sourcecode.swift; path = SwiftUIView.swift; sourceTree = "<group>"; };
		3BB0906329F894CF00D25902 /* File.swift */ = {isa = PBXFileReference; lastKnownFileType = sourcecode.swift; path = File.swift; sourceTree = "<group>"; };
		A85294BD29F72FCB00172B71 /* QuestionTypeSelection.swift */ = {isa = PBXFileReference; lastKnownFileType = sourcecode.swift; path = QuestionTypeSelection.swift; sourceTree = "<group>"; };
		A85294BF29F88B6600172B71 /* QuestionTextSpace.swift */ = {isa = PBXFileReference; lastKnownFileType = sourcecode.swift; path = QuestionTextSpace.swift; sourceTree = "<group>"; };
		A85294C329FC2F8C00172B71 /* Interview1.swift */ = {isa = PBXFileReference; lastKnownFileType = sourcecode.swift; path = Interview1.swift; sourceTree = "<group>"; };
		A86D117729EF4FC200AF6A7B /* SwiftInterviews.app */ = {isa = PBXFileReference; explicitFileType = wrapper.application; includeInIndex = 0; path = SwiftInterviews.app; sourceTree = BUILT_PRODUCTS_DIR; };
		A86D117A29EF4FC200AF6A7B /* SwiftInterviewsApp.swift */ = {isa = PBXFileReference; lastKnownFileType = sourcecode.swift; path = SwiftInterviewsApp.swift; sourceTree = "<group>"; };
		A86D117C29EF4FC200AF6A7B /* ContentView.swift */ = {isa = PBXFileReference; lastKnownFileType = sourcecode.swift; path = ContentView.swift; sourceTree = "<group>"; };
		A86D117E29EF4FC700AF6A7B /* Assets.xcassets */ = {isa = PBXFileReference; lastKnownFileType = folder.assetcatalog; path = Assets.xcassets; sourceTree = "<group>"; };
		A86D118129EF4FC700AF6A7B /* Preview Assets.xcassets */ = {isa = PBXFileReference; lastKnownFileType = folder.assetcatalog; path = "Preview Assets.xcassets"; sourceTree = "<group>"; };
		A86D118829EF514500AF6A7B /* QuestionTypeSlider.swift */ = {isa = PBXFileReference; lastKnownFileType = sourcecode.swift; path = QuestionTypeSlider.swift; sourceTree = "<group>"; };
		A876441E29FB3A3600E55DB7 /* HomeView.swift */ = {isa = PBXFileReference; fileEncoding = 4; lastKnownFileType = sourcecode.swift; path = HomeView.swift; sourceTree = "<group>"; };
		A891D21E29FC2FAB00EC7BBC /* BlogSelectorView.swift */ = {isa = PBXFileReference; lastKnownFileType = sourcecode.swift; path = BlogSelectorView.swift; sourceTree = "<group>"; };
		A891D22029FC37F700EC7BBC /* Blog1View.swift */ = {isa = PBXFileReference; lastKnownFileType = sourcecode.swift; path = Blog1View.swift; sourceTree = "<group>"; };
		A891D22229FC39F700EC7BBC /* Blog2View.swift */ = {isa = PBXFileReference; lastKnownFileType = sourcecode.swift; path = Blog2View.swift; sourceTree = "<group>"; };
		A891D22429FC3A0A00EC7BBC /* Blog3View.swift */ = {isa = PBXFileReference; lastKnownFileType = sourcecode.swift; path = Blog3View.swift; sourceTree = "<group>"; };
		A891D22629FC3A1B00EC7BBC /* Blog4View.swift */ = {isa = PBXFileReference; lastKnownFileType = sourcecode.swift; path = Blog4View.swift; sourceTree = "<group>"; };
		A8D46F8729FB357B000F9E64 /* InfoView6.swift */ = {isa = PBXFileReference; fileEncoding = 4; lastKnownFileType = sourcecode.swift; path = InfoView6.swift; sourceTree = "<group>"; };
		A8D46F8829FB357B000F9E64 /* InfoView2.swift */ = {isa = PBXFileReference; fileEncoding = 4; lastKnownFileType = sourcecode.swift; path = InfoView2.swift; sourceTree = "<group>"; };
		A8D46F8929FB357B000F9E64 /* InfoView5.swift */ = {isa = PBXFileReference; fileEncoding = 4; lastKnownFileType = sourcecode.swift; path = InfoView5.swift; sourceTree = "<group>"; };
		A8D46F8A29FB357B000F9E64 /* ActionsItem.swift */ = {isa = PBXFileReference; fileEncoding = 4; lastKnownFileType = sourcecode.swift; path = ActionsItem.swift; sourceTree = "<group>"; };
		A8D46F8B29FB357B000F9E64 /* InfoView7.swift */ = {isa = PBXFileReference; fileEncoding = 4; lastKnownFileType = sourcecode.swift; path = InfoView7.swift; sourceTree = "<group>"; };
		A8D46F8C29FB357B000F9E64 /* InfoView9.swift */ = {isa = PBXFileReference; fileEncoding = 4; lastKnownFileType = sourcecode.swift; path = InfoView9.swift; sourceTree = "<group>"; };
		A8D46F8D29FB357B000F9E64 /* InfoView8.swift */ = {isa = PBXFileReference; fileEncoding = 4; lastKnownFileType = sourcecode.swift; path = InfoView8.swift; sourceTree = "<group>"; };
		A8D46F9529FB3588000F9E64 /* InfoView10.swift */ = {isa = PBXFileReference; fileEncoding = 4; lastKnownFileType = sourcecode.swift; path = InfoView10.swift; sourceTree = "<group>"; };
		A8D46F9629FB3589000F9E64 /* InfoView3.swift */ = {isa = PBXFileReference; fileEncoding = 4; lastKnownFileType = sourcecode.swift; path = InfoView3.swift; sourceTree = "<group>"; };
		A8D46F9729FB3589000F9E64 /* InfoView4.swift */ = {isa = PBXFileReference; fileEncoding = 4; lastKnownFileType = sourcecode.swift; path = InfoView4.swift; sourceTree = "<group>"; };
		A8D46F9B29FB374F000F9E64 /* InfoView.swift */ = {isa = PBXFileReference; lastKnownFileType = sourcecode.swift; path = InfoView.swift; sourceTree = "<group>"; };
/* End PBXFileReference section */

/* Begin PBXFrameworksBuildPhase section */
		A86D117429EF4FC200AF6A7B /* Frameworks */ = {
			isa = PBXFrameworksBuildPhase;
			buildActionMask = 2147483647;
			files = (
			);
			runOnlyForDeploymentPostprocessing = 0;
		};
/* End PBXFrameworksBuildPhase section */

/* Begin PBXGroup section */
		A86D116E29EF4FC200AF6A7B = {
			isa = PBXGroup;
			children = (
				A85294C329FC2F8C00172B71 /* Interview1.swift */,
				3BB0906329F894CF00D25902 /* File.swift */,
				A86D117929EF4FC200AF6A7B /* SwiftInterviews */,
				A86D117829EF4FC200AF6A7B /* Products */,
			);
			sourceTree = "<group>";
		};
		A86D117829EF4FC200AF6A7B /* Products */ = {
			isa = PBXGroup;
			children = (
				A86D117729EF4FC200AF6A7B /* SwiftInterviews.app */,
			);
			name = Products;
			sourceTree = "<group>";
		};
		A86D117929EF4FC200AF6A7B /* SwiftInterviews */ = {
			isa = PBXGroup;
			children = (
				A86D117A29EF4FC200AF6A7B /* SwiftInterviewsApp.swift */,
				A86D117C29EF4FC200AF6A7B /* ContentView.swift */,
				A86D118829EF514500AF6A7B /* QuestionTypeSlider.swift */,
				A85294BD29F72FCB00172B71 /* QuestionTypeSelection.swift */,
				A8D46F9B29FB374F000F9E64 /* InfoView.swift */,
				3BB0906129F894C200D25902 /* SwiftUIView.swift */,
				A8D46F8A29FB357B000F9E64 /* ActionsItem.swift */,
				A876441E29FB3A3600E55DB7 /* HomeView.swift */,
				A8D46F9629FB3589000F9E64 /* InfoView3.swift */,
				A8D46F9729FB3589000F9E64 /* InfoView4.swift */,
				A8D46F9529FB3588000F9E64 /* InfoView10.swift */,
				A8D46F8829FB357B000F9E64 /* InfoView2.swift */,
				A8D46F8929FB357B000F9E64 /* InfoView5.swift */,
				A8D46F8729FB357B000F9E64 /* InfoView6.swift */,
				A8D46F8B29FB357B000F9E64 /* InfoView7.swift */,
				A891D22029FC37F700EC7BBC /* Blog1View.swift */,
				A891D22229FC39F700EC7BBC /* Blog2View.swift */,
				A891D22429FC3A0A00EC7BBC /* Blog3View.swift */,
				A891D22629FC3A1B00EC7BBC /* Blog4View.swift */,
				A8D46F8D29FB357B000F9E64 /* InfoView8.swift */,
				A891D21E29FC2FAB00EC7BBC /* BlogSelectorView.swift */,
				A8D46F8C29FB357B000F9E64 /* InfoView9.swift */,
				A85294BF29F88B6600172B71 /* QuestionTextSpace.swift */,
				A86D117E29EF4FC700AF6A7B /* Assets.xcassets */,
				A86D118029EF4FC700AF6A7B /* Preview Content */,
			);
			path = SwiftInterviews;
			sourceTree = "<group>";
		};
		A86D118029EF4FC700AF6A7B /* Preview Content */ = {
			isa = PBXGroup;
			children = (
				A86D118129EF4FC700AF6A7B /* Preview Assets.xcassets */,
			);
			path = "Preview Content";
			sourceTree = "<group>";
		};
/* End PBXGroup section */

/* Begin PBXNativeTarget section */
		A86D117629EF4FC200AF6A7B /* SwiftInterviews */ = {
			isa = PBXNativeTarget;
			buildConfigurationList = A86D118529EF4FC700AF6A7B /* Build configuration list for PBXNativeTarget "SwiftInterviews" */;
			buildPhases = (
				A86D117329EF4FC200AF6A7B /* Sources */,
				A86D117429EF4FC200AF6A7B /* Frameworks */,
				A86D117529EF4FC200AF6A7B /* Resources */,
			);
			buildRules = (
				A825435429FB33DB0033B233 /* PBXBuildRule */,
			);
			dependencies = (
			);
			name = SwiftInterviews;
			productName = SwiftInterviews;
			productReference = A86D117729EF4FC200AF6A7B /* SwiftInterviews.app */;
			productType = "com.apple.product-type.application";
		};
/* End PBXNativeTarget section */

/* Begin PBXProject section */
		A86D116F29EF4FC200AF6A7B /* Project object */ = {
			isa = PBXProject;
			attributes = {
				BuildIndependentTargetsInParallel = 1;
				LastSwiftUpdateCheck = 1330;
				LastUpgradeCheck = 1330;
				TargetAttributes = {
					A86D117629EF4FC200AF6A7B = {
						CreatedOnToolsVersion = 13.3;
					};
				};
			};
			buildConfigurationList = A86D117229EF4FC200AF6A7B /* Build configuration list for PBXProject "SwiftInterviews" */;
			compatibilityVersion = "Xcode 13.0";
			developmentRegion = en;
			hasScannedForEncodings = 0;
			knownRegions = (
				en,
				Base,
			);
			mainGroup = A86D116E29EF4FC200AF6A7B;
			productRefGroup = A86D117829EF4FC200AF6A7B /* Products */;
			projectDirPath = "";
			projectRoot = "";
			targets = (
				A86D117629EF4FC200AF6A7B /* SwiftInterviews */,
			);
		};
/* End PBXProject section */

/* Begin PBXResourcesBuildPhase section */
		A86D117529EF4FC200AF6A7B /* Resources */ = {
			isa = PBXResourcesBuildPhase;
			buildActionMask = 2147483647;
			files = (
				A86D118229EF4FC700AF6A7B /* Preview Assets.xcassets in Resources */,
				A86D117F29EF4FC700AF6A7B /* Assets.xcassets in Resources */,
			);
			runOnlyForDeploymentPostprocessing = 0;
		};
/* End PBXResourcesBuildPhase section */

/* Begin PBXSourcesBuildPhase section */
		A86D117329EF4FC200AF6A7B /* Sources */ = {
			isa = PBXSourcesBuildPhase;
			buildActionMask = 2147483647;
			files = (
				A86D117D29EF4FC200AF6A7B /* ContentView.swift in Sources */,
				A85294C429FC2F8C00172B71 /* Interview1.swift in Sources */,
				A8D46F9829FB3589000F9E64 /* InfoView10.swift in Sources */,
				A86D118929EF514600AF6A7B /* QuestionTypeSlider.swift in Sources */,
				A8D46F9029FB357B000F9E64 /* InfoView5.swift in Sources */,
				A8D46F9929FB3589000F9E64 /* InfoView3.swift in Sources */,
				A891D21F29FC2FAC00EC7BBC /* BlogSelectorView.swift in Sources */,
				A8D46F8F29FB357B000F9E64 /* InfoView2.swift in Sources */,
				A8D46F9329FB357B000F9E64 /* InfoView9.swift in Sources */,
				3BB0906429F894CF00D25902 /* File.swift in Sources */,
				3BB0906229F894C200D25902 /* SwiftUIView.swift in Sources */,
				A85294BE29F72FCB00172B71 /* QuestionTypeSelection.swift in Sources */,
				A891D22529FC3A0A00EC7BBC /* Blog3View.swift in Sources */,
				A86D117B29EF4FC200AF6A7B /* SwiftInterviewsApp.swift in Sources */,
				A8D46F9229FB357B000F9E64 /* InfoView7.swift in Sources */,
				A8D46F9A29FB3589000F9E64 /* InfoView4.swift in Sources */,
				A8D46F9129FB357B000F9E64 /* ActionsItem.swift in Sources */,
				A891D22329FC39F700EC7BBC /* Blog2View.swift in Sources */,
				A85294C029F88B6600172B71 /* QuestionTextSpace.swift in Sources */,
				A8D46F8E29FB357B000F9E64 /* InfoView6.swift in Sources */,
				A8D46F9C29FB374F000F9E64 /* InfoView.swift in Sources */,
				A8D46F9429FB357B000F9E64 /* InfoView8.swift in Sources */,
				A891D22729FC3A1B00EC7BBC /* Blog4View.swift in Sources */,
				A891D22129FC37F700EC7BBC /* Blog1View.swift in Sources */,
				A876441F29FB3A3700E55DB7 /* HomeView.swift in Sources */,
			);
			runOnlyForDeploymentPostprocessing = 0;
		};
/* End PBXSourcesBuildPhase section */

/* Begin XCBuildConfiguration section */
		A86D118329EF4FC700AF6A7B /* Debug */ = {
			isa = XCBuildConfiguration;
			buildSettings = {
				ALWAYS_SEARCH_USER_PATHS = NO;
				CLANG_ANALYZER_NONNULL = YES;
				CLANG_ANALYZER_NUMBER_OBJECT_CONVERSION = YES_AGGRESSIVE;
				CLANG_CXX_LANGUAGE_STANDARD = "gnu++17";
				CLANG_ENABLE_MODULES = YES;
				CLANG_ENABLE_OBJC_ARC = YES;
				CLANG_ENABLE_OBJC_WEAK = YES;
				CLANG_WARN_BLOCK_CAPTURE_AUTORELEASING = YES;
				CLANG_WARN_BOOL_CONVERSION = YES;
				CLANG_WARN_COMMA = YES;
				CLANG_WARN_CONSTANT_CONVERSION = YES;
				CLANG_WARN_DEPRECATED_OBJC_IMPLEMENTATIONS = YES;
				CLANG_WARN_DIRECT_OBJC_ISA_USAGE = YES_ERROR;
				CLANG_WARN_DOCUMENTATION_COMMENTS = YES;
				CLANG_WARN_EMPTY_BODY = YES;
				CLANG_WARN_ENUM_CONVERSION = YES;
				CLANG_WARN_INFINITE_RECURSION = YES;
				CLANG_WARN_INT_CONVERSION = YES;
				CLANG_WARN_NON_LITERAL_NULL_CONVERSION = YES;
				CLANG_WARN_OBJC_IMPLICIT_RETAIN_SELF = YES;
				CLANG_WARN_OBJC_LITERAL_CONVERSION = YES;
				CLANG_WARN_OBJC_ROOT_CLASS = YES_ERROR;
				CLANG_WARN_QUOTED_INCLUDE_IN_FRAMEWORK_HEADER = YES;
				CLANG_WARN_RANGE_LOOP_ANALYSIS = YES;
				CLANG_WARN_STRICT_PROTOTYPES = YES;
				CLANG_WARN_SUSPICIOUS_MOVE = YES;
				CLANG_WARN_UNGUARDED_AVAILABILITY = YES_AGGRESSIVE;
				CLANG_WARN_UNREACHABLE_CODE = YES;
				CLANG_WARN__DUPLICATE_METHOD_MATCH = YES;
				COPY_PHASE_STRIP = NO;
				DEBUG_INFORMATION_FORMAT = dwarf;
				ENABLE_STRICT_OBJC_MSGSEND = YES;
				ENABLE_TESTABILITY = YES;
				GCC_C_LANGUAGE_STANDARD = gnu11;
				GCC_DYNAMIC_NO_PIC = NO;
				GCC_NO_COMMON_BLOCKS = YES;
				GCC_OPTIMIZATION_LEVEL = 0;
				GCC_PREPROCESSOR_DEFINITIONS = (
					"DEBUG=1",
					"$(inherited)",
				);
				GCC_WARN_64_TO_32_BIT_CONVERSION = YES;
				GCC_WARN_ABOUT_RETURN_TYPE = YES_ERROR;
				GCC_WARN_UNDECLARED_SELECTOR = YES;
				GCC_WARN_UNINITIALIZED_AUTOS = YES_AGGRESSIVE;
				GCC_WARN_UNUSED_FUNCTION = YES;
				GCC_WARN_UNUSED_VARIABLE = YES;
				IPHONEOS_DEPLOYMENT_TARGET = 15.4;
				MTL_ENABLE_DEBUG_INFO = INCLUDE_SOURCE;
				MTL_FAST_MATH = YES;
				ONLY_ACTIVE_ARCH = YES;
				SDKROOT = iphoneos;
				SWIFT_ACTIVE_COMPILATION_CONDITIONS = DEBUG;
				SWIFT_OPTIMIZATION_LEVEL = "-Onone";
			};
			name = Debug;
		};
		A86D118429EF4FC700AF6A7B /* Release */ = {
			isa = XCBuildConfiguration;
			buildSettings = {
				ALWAYS_SEARCH_USER_PATHS = NO;
				CLANG_ANALYZER_NONNULL = YES;
				CLANG_ANALYZER_NUMBER_OBJECT_CONVERSION = YES_AGGRESSIVE;
				CLANG_CXX_LANGUAGE_STANDARD = "gnu++17";
				CLANG_ENABLE_MODULES = YES;
				CLANG_ENABLE_OBJC_ARC = YES;
				CLANG_ENABLE_OBJC_WEAK = YES;
				CLANG_WARN_BLOCK_CAPTURE_AUTORELEASING = YES;
				CLANG_WARN_BOOL_CONVERSION = YES;
				CLANG_WARN_COMMA = YES;
				CLANG_WARN_CONSTANT_CONVERSION = YES;
				CLANG_WARN_DEPRECATED_OBJC_IMPLEMENTATIONS = YES;
				CLANG_WARN_DIRECT_OBJC_ISA_USAGE = YES_ERROR;
				CLANG_WARN_DOCUMENTATION_COMMENTS = YES;
				CLANG_WARN_EMPTY_BODY = YES;
				CLANG_WARN_ENUM_CONVERSION = YES;
				CLANG_WARN_INFINITE_RECURSION = YES;
				CLANG_WARN_INT_CONVERSION = YES;
				CLANG_WARN_NON_LITERAL_NULL_CONVERSION = YES;
				CLANG_WARN_OBJC_IMPLICIT_RETAIN_SELF = YES;
				CLANG_WARN_OBJC_LITERAL_CONVERSION = YES;
				CLANG_WARN_OBJC_ROOT_CLASS = YES_ERROR;
				CLANG_WARN_QUOTED_INCLUDE_IN_FRAMEWORK_HEADER = YES;
				CLANG_WARN_RANGE_LOOP_ANALYSIS = YES;
				CLANG_WARN_STRICT_PROTOTYPES = YES;
				CLANG_WARN_SUSPICIOUS_MOVE = YES;
				CLANG_WARN_UNGUARDED_AVAILABILITY = YES_AGGRESSIVE;
				CLANG_WARN_UNREACHABLE_CODE = YES;
				CLANG_WARN__DUPLICATE_METHOD_MATCH = YES;
				COPY_PHASE_STRIP = NO;
				DEBUG_INFORMATION_FORMAT = "dwarf-with-dsym";
				ENABLE_NS_ASSERTIONS = NO;
				ENABLE_STRICT_OBJC_MSGSEND = YES;
				GCC_C_LANGUAGE_STANDARD = gnu11;
				GCC_NO_COMMON_BLOCKS = YES;
				GCC_WARN_64_TO_32_BIT_CONVERSION = YES;
				GCC_WARN_ABOUT_RETURN_TYPE = YES_ERROR;
				GCC_WARN_UNDECLARED_SELECTOR = YES;
				GCC_WARN_UNINITIALIZED_AUTOS = YES_AGGRESSIVE;
				GCC_WARN_UNUSED_FUNCTION = YES;
				GCC_WARN_UNUSED_VARIABLE = YES;
				IPHONEOS_DEPLOYMENT_TARGET = 15.4;
				MTL_ENABLE_DEBUG_INFO = NO;
				MTL_FAST_MATH = YES;
				SDKROOT = iphoneos;
				SWIFT_COMPILATION_MODE = wholemodule;
				SWIFT_OPTIMIZATION_LEVEL = "-O";
				VALIDATE_PRODUCT = YES;
			};
			name = Release;
		};
		A86D118629EF4FC700AF6A7B /* Debug */ = {
			isa = XCBuildConfiguration;
			buildSettings = {
				ASSETCATALOG_COMPILER_APPICON_NAME = AppIcon;
				ASSETCATALOG_COMPILER_GLOBAL_ACCENT_COLOR_NAME = AccentColor;
				CODE_SIGN_STYLE = Automatic;
				CURRENT_PROJECT_VERSION = 1;
				DEVELOPMENT_ASSET_PATHS = "\"SwiftInterviews/Preview Content\"";
				DEVELOPMENT_TEAM = 66TMZLK664;
				ENABLE_PREVIEWS = YES;
				GENERATE_INFOPLIST_FILE = YES;
				INFOPLIST_KEY_UIApplicationSceneManifest_Generation = YES;
				INFOPLIST_KEY_UIApplicationSupportsIndirectInputEvents = YES;
				INFOPLIST_KEY_UILaunchScreen_Generation = YES;
				INFOPLIST_KEY_UISupportedInterfaceOrientations_iPad = "UIInterfaceOrientationPortrait UIInterfaceOrientationPortraitUpsideDown UIInterfaceOrientationLandscapeLeft UIInterfaceOrientationLandscapeRight";
				INFOPLIST_KEY_UISupportedInterfaceOrientations_iPhone = "UIInterfaceOrientationPortrait UIInterfaceOrientationLandscapeLeft UIInterfaceOrientationLandscapeRight";
				LD_RUNPATH_SEARCH_PATHS = (
					"$(inherited)",
					"@executable_path/Frameworks",
				);
				MARKETING_VERSION = 1.0;
				PRODUCT_BUNDLE_IDENTIFIER = com.AlejandroRom.SwiftInterviews;
				PRODUCT_NAME = "$(TARGET_NAME)";
				SWIFT_EMIT_LOC_STRINGS = YES;
				SWIFT_VERSION = 5.0;
				TARGETED_DEVICE_FAMILY = "1,2";
			};
			name = Debug;
		};
		A86D118729EF4FC700AF6A7B /* Release */ = {
			isa = XCBuildConfiguration;
			buildSettings = {
				ASSETCATALOG_COMPILER_APPICON_NAME = AppIcon;
				ASSETCATALOG_COMPILER_GLOBAL_ACCENT_COLOR_NAME = AccentColor;
				CODE_SIGN_STYLE = Automatic;
				CURRENT_PROJECT_VERSION = 1;
				DEVELOPMENT_ASSET_PATHS = "\"SwiftInterviews/Preview Content\"";
				DEVELOPMENT_TEAM = 66TMZLK664;
				ENABLE_PREVIEWS = YES;
				GENERATE_INFOPLIST_FILE = YES;
				INFOPLIST_KEY_UIApplicationSceneManifest_Generation = YES;
				INFOPLIST_KEY_UIApplicationSupportsIndirectInputEvents = YES;
				INFOPLIST_KEY_UILaunchScreen_Generation = YES;
				INFOPLIST_KEY_UISupportedInterfaceOrientations_iPad = "UIInterfaceOrientationPortrait UIInterfaceOrientationPortraitUpsideDown UIInterfaceOrientationLandscapeLeft UIInterfaceOrientationLandscapeRight";
				INFOPLIST_KEY_UISupportedInterfaceOrientations_iPhone = "UIInterfaceOrientationPortrait UIInterfaceOrientationLandscapeLeft UIInterfaceOrientationLandscapeRight";
				LD_RUNPATH_SEARCH_PATHS = (
					"$(inherited)",
					"@executable_path/Frameworks",
				);
				MARKETING_VERSION = 1.0;
				PRODUCT_BUNDLE_IDENTIFIER = com.AlejandroRom.SwiftInterviews;
				PRODUCT_NAME = "$(TARGET_NAME)";
				SWIFT_EMIT_LOC_STRINGS = YES;
				SWIFT_VERSION = 5.0;
				TARGETED_DEVICE_FAMILY = "1,2";
			};
			name = Release;
		};
/* End XCBuildConfiguration section */

/* Begin XCConfigurationList section */
		A86D117229EF4FC200AF6A7B /* Build configuration list for PBXProject "SwiftInterviews" */ = {
			isa = XCConfigurationList;
			buildConfigurations = (
				A86D118329EF4FC700AF6A7B /* Debug */,
				A86D118429EF4FC700AF6A7B /* Release */,
			);
			defaultConfigurationIsVisible = 0;
			defaultConfigurationName = Release;
		};
		A86D118529EF4FC700AF6A7B /* Build configuration list for PBXNativeTarget "SwiftInterviews" */ = {
			isa = XCConfigurationList;
			buildConfigurations = (
				A86D118629EF4FC700AF6A7B /* Debug */,
				A86D118729EF4FC700AF6A7B /* Release */,
			);
			defaultConfigurationIsVisible = 0;
			defaultConfigurationName = Release;
		};
/* End XCConfigurationList section */
	};
	rootObject = A86D116F29EF4FC200AF6A7B /* Project object */;
}
